
Microsoft Visual Studio Solution File, Format Version 12.00
# Visual Studio Version 16
VisualStudioVersion = 16.0.30517.126
MinimumVisualStudioVersion = 10.0.40219.1
Project("{8BC9CEB8-8B4A-11D0-8D11-00A0C91BC942}") = "Banking", "Banking\Banking.vcxproj", "{889E70C7-6E4B-4545-B58F-EB6CEB3FAE8B}"
EndProject
Global
	GlobalSection(SolutionConfigurationPlatforms) = preSolution
		Debug|x64 = Debug|x64
		Debug|x86 = Debug|x86
		Release|x64 = Release|x64
		Release|x86 = Release|x86
	EndGlobalSection
	GlobalSection(ProjectConfigurationPlatforms) = postSolution
		{889E70C7-6E4B-4545-B58F-EB6CEB3FAE8B}.Debug|x64.ActiveCfg = Debug|x64
		{889E70C7-6E4B-4545-B58F-EB6CEB3FAE8B}.Debug|x64.Build.0 = Debug|x64
		{889E70C7-6E4B-4545-B58F-EB6CEB3FAE8B}.Debug|x86.ActiveCfg = Debug|Win32
		{889E70C7-6E4B-4545-B58F-EB6CEB3FAE8B}.Debug|x86.Build.0 = Debug|Win32
		{889E70C7-6E4B-4545-B58F-EB6CEB3FAE8B}.Release|x64.ActiveCfg = Release|x64
		{889E70C7-6E4B-4545-B58F-EB6CEB3FAE8B}.Release|x64.Build.0 = Release|x64
		{889E70C7-6E4B-4545-B58F-EB6CEB3FAE8B}.Release|x86.ActiveCfg = Release|Win32
		{889E70C7-6E4B-4545-B58F-EB6CEB3FAE8B}.Release|x86.Build.0 = Release|Win32
	EndGlobalSection
	GlobalSection(SolutionProperties) = preSolution
		HideSolutionNode = FALSE
	EndGlobalSection
	GlobalSection(ExtensibilityGlobals) = postSolution
		SolutionGuid = {56476A1F-BFBF-4527-97AE-666ED01CEEFB}
	EndGlobalSection
EndGlobal
